{
  "name": "proyecto-javascript-coderhouse",
  "lockfileVersion": 3,
  "requires": true,
  "packages": {
    "": {
      "dependencies": {
        "@sweetalert2/theme-borderless": "^5.0.15",
        "@sweetalert2/themes": "^5.0.15",
        "bootstrap": "^5.3.1",
        "sweetalert2": "^11.7.20"
      }
    },
    "node_modules/@popperjs/core": {
      "version": "2.11.8",
      "resolved": "https://registry.npmjs.org/@popperjs/core/-/core-2.11.8.tgz",
      "integrity": "sha512-P1st0aksCrn9sGZhp8GMYwBnQsbvAWsZAX44oXNNvLHGqAOcoVxmjZiohstwQ7SqKnbR47akdNi+uleWD8+g6A==",
      "peer": true,
      "funding": {
        "type": "opencollective",
        "url": "https://opencollective.com/popperjs"
      }
    },
    "node_modules/@sweetalert2/theme-borderless": {
      "version": "5.0.15",
      "resolved": "https://registry.npmjs.org/@sweetalert2/theme-borderless/-/theme-borderless-5.0.15.tgz",
      "integrity": "sha512-b/aXo629ewNomMSdHaEC5TZgHCWW2blGhU5FhNRWyr6gEONeASvY3rW/8Wwr/fzdF76+hLC7Emgd43m7mP5GVQ=="
    },
    "node_modules/@sweetalert2/themes": {
      "version": "5.0.15",
      "resolved": "https://registry.npmjs.org/@sweetalert2/themes/-/themes-5.0.15.tgz",
      "integrity": "sha512-uGU7CynpjRc3cllTqZEvXiZTpfQ6MN4faG+Tf0VFW81bLysCQm00iHS3NJLZx5STRfxpM5SzqeVXpAzJyTG/WA==",
      "peerDependencies": {
        "sweetalert2": "^11.0.0"
      }
    },
    "node_modules/bootstrap": {
      "version": "5.3.1",
      "resolved": "https://registry.npmjs.org/bootstrap/-/bootstrap-5.3.1.tgz",
      "integrity": "sha512-jzwza3Yagduci2x0rr9MeFSORjcHpt0lRZukZPZQJT1Dth5qzV7XcgGqYzi39KGAVYR8QEDVoO0ubFKOxzMG+g==",
      "funding": [
        {
          "type": "github",
          "url": "https://github.com/sponsors/twbs"
        },
        {
          "type": "opencollective",
          "url": "https://opencollective.com/bootstrap"
        }
      ],
      "peerDependencies": {
        "@popperjs/core": "^2.11.8"
      }
    },
    "node_modules/sweetalert2": {
      "version": "11.7.20",
      "resolved": "https://registry.npmjs.org/sweetalert2/-/sweetalert2-11.7.20.tgz",
      "integrity": "sha512-GdU1TkiLpGGC0mcPV8bKmS7G0MR7caxambPkEU8zyepRSNR9EaEvIjNhX5QNkL0VFVzHbI3l12NtuEklkJ0D4Q==",
      "funding": {
        "type": "individual",
        "url": "https://github.com/sponsors/limonte"
      }
    }
  }
}
